
Microsoft Visual Studio Solution File, Format Version 12.00
# Visual Studio 15
VisualStudioVersion = 15.0.28010.2016
MinimumVisualStudioVersion = 10.0.40219.1
Project("{8BC9CEB8-8B4A-11D0-8D11-00A0C91BC942}") = "WhackaCritter", "WhackaCritter.vcxproj", "{1D961F8C-236C-4238-80AD-CBCB84485F38}"
EndProject
Global
	GlobalSection(SolutionConfigurationPlatforms) = preSolution
		Debug|x64 = Debug|x64
		Debug|x86 = Debug|x86
		Release|x64 = Release|x64
		Release|x86 = Release|x86
	EndGlobalSection
	GlobalSection(ProjectConfigurationPlatforms) = postSolution
		{1D961F8C-236C-4238-80AD-CBCB84485F38}.Debug|x64.ActiveCfg = Debug|x64
		{1D961F8C-236C-4238-80AD-CBCB84485F38}.Debug|x64.Build.0 = Debug|x64
		{1D961F8C-236C-4238-80AD-CBCB84485F38}.Debug|x86.ActiveCfg = Debug|Win32
		{1D961F8C-236C-4238-80AD-CBCB84485F38}.Debug|x86.Build.0 = Debug|Win32
		{1D961F8C-236C-4238-80AD-CBCB84485F38}.Release|x64.ActiveCfg = Release|x64
		{1D961F8C-236C-4238-80AD-CBCB84485F38}.Release|x64.Build.0 = Release|x64
		{1D961F8C-236C-4238-80AD-CBCB84485F38}.Release|x86.ActiveCfg = Release|Win32
		{1D961F8C-236C-4238-80AD-CBCB84485F38}.Release|x86.Build.0 = Release|Win32
	EndGlobalSection
	GlobalSection(SolutionProperties) = preSolution
		HideSolutionNode = FALSE
	EndGlobalSection
	GlobalSection(ExtensibilityGlobals) = postSolution
		SolutionGuid = {C376DCDD-D2BB-4511-B839-7E845028B846}
	EndGlobalSection
EndGlobal
